
Microsoft Visual Studio Solution File, Format Version 12.00
# Visual Studio Version 16
VisualStudioVersion = 16.0.29230.47
MinimumVisualStudioVersion = 10.0.40219.1
Project("{FAE04EC0-301F-11D3-BF4B-00C04F79EFBC}") = "MyVet2.Common", "MyVet2.Common\MyVet2.Common.csproj", "{477E782D-076D-4DCD-B434-B77DCB96BEF5}"
EndProject
Project("{FAE04EC0-301F-11D3-BF4B-00C04F79EFBC}") = "MyVet2.Web", "MyVet2.Web\MyVet2.Web.csproj", "{17F9F134-FC1E-4BFF-AD38-13D5378D7816}"
EndProject
Global
	GlobalSection(SolutionConfigurationPlatforms) = preSolution
		Debug|Any CPU = Debug|Any CPU
		Release|Any CPU = Release|Any CPU
	EndGlobalSection
	GlobalSection(ProjectConfigurationPlatforms) = postSolution
		{477E782D-076D-4DCD-B434-B77DCB96BEF5}.Debug|Any CPU.ActiveCfg = Debug|Any CPU
		{477E782D-076D-4DCD-B434-B77DCB96BEF5}.Debug|Any CPU.Build.0 = Debug|Any CPU
		{477E782D-076D-4DCD-B434-B77DCB96BEF5}.Release|Any CPU.ActiveCfg = Release|Any CPU
		{477E782D-076D-4DCD-B434-B77DCB96BEF5}.Release|Any CPU.Build.0 = Release|Any CPU
		{17F9F134-FC1E-4BFF-AD38-13D5378D7816}.Debug|Any CPU.ActiveCfg = Debug|Any CPU
		{17F9F134-FC1E-4BFF-AD38-13D5378D7816}.Debug|Any CPU.Build.0 = Debug|Any CPU
		{17F9F134-FC1E-4BFF-AD38-13D5378D7816}.Release|Any CPU.ActiveCfg = Release|Any CPU
		{17F9F134-FC1E-4BFF-AD38-13D5378D7816}.Release|Any CPU.Build.0 = Release|Any CPU
	EndGlobalSection
	GlobalSection(SolutionProperties) = preSolution
		HideSolutionNode = FALSE
	EndGlobalSection
	GlobalSection(ExtensibilityGlobals) = postSolution
		SolutionGuid = {DB881D4A-E216-46D3-9F5E-2661B188D989}
	EndGlobalSection
EndGlobal
